
Microsoft Visual Studio Solution File, Format Version 12.00
# Visual Studio Version 16
VisualStudioVersion = 16.0.30104.148
MinimumVisualStudioVersion = 10.0.40219.1
Project("{FAE04EC0-301F-11D3-BF4B-00C04F79EFBC}") = "Methane.Toolkit", "Methane.Toolkit\Methane.Toolkit.csproj", "{4720DECB-5D8F-4569-9A0B-E109D2A4B6B3}"
EndProject
Project("{FAE04EC0-301F-11D3-BF4B-00C04F79EFBC}") = "ConsoleDroid", "ConsoleDroid\ConsoleDroid.csproj", "{E61C3CB1-6963-47DA-87B2-060754F9F6BB}"
EndProject
Project("{FAE04EC0-301F-11D3-BF4B-00C04F79EFBC}") = "Methane.Toolkit.Desktop", "Methane.Toolkit.Desktop\Methane.Toolkit.Desktop.csproj", "{2F2D3944-749B-4B6D-95EC-35F8AA6BFC8E}"
EndProject
Project("{2150E333-8FDC-42A3-9474-1A3956D46DE8}") = "Solution Items", "Solution Items", "{4E8C7FE1-39B8-4F3F-B291-4604D40BEC28}"
	ProjectSection(SolutionItems) = preProject
		.editorconfig = .editorconfig
	EndProjectSection
EndProject
Global
	GlobalSection(SolutionConfigurationPlatforms) = preSolution
		Debug|Any CPU = Debug|Any CPU
		Release|Any CPU = Release|Any CPU
	EndGlobalSection
	GlobalSection(ProjectConfigurationPlatforms) = postSolution
		{4720DECB-5D8F-4569-9A0B-E109D2A4B6B3}.Debug|Any CPU.ActiveCfg = Debug|Any CPU
		{4720DECB-5D8F-4569-9A0B-E109D2A4B6B3}.Debug|Any CPU.Build.0 = Debug|Any CPU
		{4720DECB-5D8F-4569-9A0B-E109D2A4B6B3}.Release|Any CPU.ActiveCfg = Release|Any CPU
		{4720DECB-5D8F-4569-9A0B-E109D2A4B6B3}.Release|Any CPU.Build.0 = Release|Any CPU
		{E61C3CB1-6963-47DA-87B2-060754F9F6BB}.Debug|Any CPU.ActiveCfg = Debug|Any CPU
		{E61C3CB1-6963-47DA-87B2-060754F9F6BB}.Debug|Any CPU.Build.0 = Debug|Any CPU
		{E61C3CB1-6963-47DA-87B2-060754F9F6BB}.Debug|Any CPU.Deploy.0 = Debug|Any CPU
		{E61C3CB1-6963-47DA-87B2-060754F9F6BB}.Release|Any CPU.ActiveCfg = Release|Any CPU
		{E61C3CB1-6963-47DA-87B2-060754F9F6BB}.Release|Any CPU.Build.0 = Release|Any CPU
		{E61C3CB1-6963-47DA-87B2-060754F9F6BB}.Release|Any CPU.Deploy.0 = Release|Any CPU
		{2F2D3944-749B-4B6D-95EC-35F8AA6BFC8E}.Debug|Any CPU.ActiveCfg = Debug|Any CPU
		{2F2D3944-749B-4B6D-95EC-35F8AA6BFC8E}.Debug|Any CPU.Build.0 = Debug|Any CPU
		{2F2D3944-749B-4B6D-95EC-35F8AA6BFC8E}.Release|Any CPU.ActiveCfg = Release|Any CPU
		{2F2D3944-749B-4B6D-95EC-35F8AA6BFC8E}.Release|Any CPU.Build.0 = Release|Any CPU
	EndGlobalSection
	GlobalSection(SolutionProperties) = preSolution
		HideSolutionNode = FALSE
	EndGlobalSection
	GlobalSection(ExtensibilityGlobals) = postSolution
		SolutionGuid = {81CCDF8C-5714-4AAA-967E-547E006C329A}
	EndGlobalSection
EndGlobal
